
Microsoft Visual Studio Solution File, Format Version 12.00
# Visual Studio Version 17
VisualStudioVersion = 17.4.33213.308
MinimumVisualStudioVersion = 10.0.40219.1
Project("{FAE04EC0-301F-11D3-BF4B-00C04F79EFBC}") = "Iths csharp Lab3", "Iths csharp Lab3\Iths csharp Lab3.csproj", "{7CB526D1-88D3-496D-AEAA-B4AF95EE7D23}"
EndProject
Global
	GlobalSection(SolutionConfigurationPlatforms) = preSolution
		Debug|Any CPU = Debug|Any CPU
		Release|Any CPU = Release|Any CPU
	EndGlobalSection
	GlobalSection(ProjectConfigurationPlatforms) = postSolution
		{7CB526D1-88D3-496D-AEAA-B4AF95EE7D23}.Debug|Any CPU.ActiveCfg = Debug|Any CPU
		{7CB526D1-88D3-496D-AEAA-B4AF95EE7D23}.Debug|Any CPU.Build.0 = Debug|Any CPU
		{7CB526D1-88D3-496D-AEAA-B4AF95EE7D23}.Release|Any CPU.ActiveCfg = Release|Any CPU
		{7CB526D1-88D3-496D-AEAA-B4AF95EE7D23}.Release|Any CPU.Build.0 = Release|Any CPU
	EndGlobalSection
	GlobalSection(SolutionProperties) = preSolution
		HideSolutionNode = FALSE
	EndGlobalSection
	GlobalSection(ExtensibilityGlobals) = postSolution
		SolutionGuid = {F8526CD2-2C51-4561-90FE-D50EE1943C83}
	EndGlobalSection
EndGlobal
